
Microsoft Visual Studio Solution File, Format Version 12.00
# Visual Studio Version 16
VisualStudioVersion = 16.0.31105.61
MinimumVisualStudioVersion = 10.0.40219.1
Project("{9A19103F-16F7-4668-BE54-9A1E7A4F7556}") = "DeliverIt13.Web", "DeliverIt13.Web\DeliverIt13.Web.csproj", "{1B4B5083-3CCF-4605-93BA-8D90EC678A84}"
EndProject
Project("{9A19103F-16F7-4668-BE54-9A1E7A4F7556}") = "DeliverIt13.Data", "DeliverIt13.Data\DeliverIt13.Data.csproj", "{9CD38D07-8AF7-4364-9749-BA4CA79077E8}"
EndProject
Project("{9A19103F-16F7-4668-BE54-9A1E7A4F7556}") = "DeliverIt13.Services", "DeliverIt13.Services\DeliverIt13.Services.csproj", "{65AF847F-AC60-4DA8-A27B-1297E7DE4EDA}"
EndProject
Project("{FAE04EC0-301F-11D3-BF4B-00C04F79EFBC}") = "DeliverIt13.Tests", "DeliverIt13.Tests\DeliverIt13.Tests.csproj", "{77C26372-CB2F-491F-8BA6-1C4CDCC9915D}"
EndProject
Global
	GlobalSection(SolutionConfigurationPlatforms) = preSolution
		Debug|Any CPU = Debug|Any CPU
		Release|Any CPU = Release|Any CPU
	EndGlobalSection
	GlobalSection(ProjectConfigurationPlatforms) = postSolution
		{1B4B5083-3CCF-4605-93BA-8D90EC678A84}.Debug|Any CPU.ActiveCfg = Debug|Any CPU
		{1B4B5083-3CCF-4605-93BA-8D90EC678A84}.Debug|Any CPU.Build.0 = Debug|Any CPU
		{1B4B5083-3CCF-4605-93BA-8D90EC678A84}.Release|Any CPU.ActiveCfg = Release|Any CPU
		{1B4B5083-3CCF-4605-93BA-8D90EC678A84}.Release|Any CPU.Build.0 = Release|Any CPU
		{9CD38D07-8AF7-4364-9749-BA4CA79077E8}.Debug|Any CPU.ActiveCfg = Debug|Any CPU
		{9CD38D07-8AF7-4364-9749-BA4CA79077E8}.Debug|Any CPU.Build.0 = Debug|Any CPU
		{9CD38D07-8AF7-4364-9749-BA4CA79077E8}.Release|Any CPU.ActiveCfg = Release|Any CPU
		{9CD38D07-8AF7-4364-9749-BA4CA79077E8}.Release|Any CPU.Build.0 = Release|Any CPU
		{65AF847F-AC60-4DA8-A27B-1297E7DE4EDA}.Debug|Any CPU.ActiveCfg = Debug|Any CPU
		{65AF847F-AC60-4DA8-A27B-1297E7DE4EDA}.Debug|Any CPU.Build.0 = Debug|Any CPU
		{65AF847F-AC60-4DA8-A27B-1297E7DE4EDA}.Release|Any CPU.ActiveCfg = Release|Any CPU
		{65AF847F-AC60-4DA8-A27B-1297E7DE4EDA}.Release|Any CPU.Build.0 = Release|Any CPU
		{77C26372-CB2F-491F-8BA6-1C4CDCC9915D}.Debug|Any CPU.ActiveCfg = Debug|Any CPU
		{77C26372-CB2F-491F-8BA6-1C4CDCC9915D}.Debug|Any CPU.Build.0 = Debug|Any CPU
		{77C26372-CB2F-491F-8BA6-1C4CDCC9915D}.Release|Any CPU.ActiveCfg = Release|Any CPU
		{77C26372-CB2F-491F-8BA6-1C4CDCC9915D}.Release|Any CPU.Build.0 = Release|Any CPU
	EndGlobalSection
	GlobalSection(SolutionProperties) = preSolution
		HideSolutionNode = FALSE
	EndGlobalSection
	GlobalSection(ExtensibilityGlobals) = postSolution
		SolutionGuid = {6F67864A-E449-428F-94FD-3E9A7FAE6243}
	EndGlobalSection
EndGlobal
